Microsoft Visual Studio Solution File, Format Version 12.00
# Visual Studio Version 17
VisualStudioVersion = 17.5.2.0
MinimumVisualStudioVersion = 10.0.40219.1
Project("{FAE04EC0-301F-11D3-BF4B-00C04F79EFBC}") = "NotesServer", "NotesServer.csproj", "{FFCB713E-EF1C-97A6-BA58-8B40AC3D332D}"
EndProject
Global
	GlobalSection(SolutionConfigurationPlatforms) = preSolution
		Debug|Any CPU = Debug|Any CPU
		Release|Any CPU = Release|Any CPU
	EndGlobalSection
	GlobalSection(ProjectConfigurationPlatforms) = postSolution
		{FFCB713E-EF1C-97A6-BA58-8B40AC3D332D}.Debug|Any CPU.ActiveCfg = Debug|Any CPU
		{FFCB713E-EF1C-97A6-BA58-8B40AC3D332D}.Debug|Any CPU.Build.0 = Debug|Any CPU
		{FFCB713E-EF1C-97A6-BA58-8B40AC3D332D}.Release|Any CPU.ActiveCfg = Release|Any CPU
		{FFCB713E-EF1C-97A6-BA58-8B40AC3D332D}.Release|Any CPU.Build.0 = Release|Any CPU
	EndGlobalSection
	GlobalSection(SolutionProperties) = preSolution
		HideSolutionNode = FALSE
	EndGlobalSection
	GlobalSection(ExtensibilityGlobals) = postSolution
		SolutionGuid = {FBC21DBD-665F-426A-9C7E-A1C2FA195DFC}
	EndGlobalSection
EndGlobal
